
Microsoft Visual Studio Solution File, Format Version 12.00
# Visual Studio Version 17
VisualStudioVersion = 17.3.32825.248
MinimumVisualStudioVersion = 10.0.40219.1
Project("{FAE04EC0-301F-11D3-BF4B-00C04F79EFBC}") = "WpfControlLibrary1", "WpfControlLibrary1\WpfControlLibrary1.csproj", "{79837708-B1AD-45E6-94CE-9A00F5B98847}"
EndProject
Global
	GlobalSection(SolutionConfigurationPlatforms) = preSolution
		Debug|Any CPU = Debug|Any CPU
		Release|Any CPU = Release|Any CPU
	EndGlobalSection
	GlobalSection(ProjectConfigurationPlatforms) = postSolution
		{79837708-B1AD-45E6-94CE-9A00F5B98847}.Debug|Any CPU.ActiveCfg = Debug|Any CPU
		{79837708-B1AD-45E6-94CE-9A00F5B98847}.Debug|Any CPU.Build.0 = Debug|Any CPU
		{79837708-B1AD-45E6-94CE-9A00F5B98847}.Release|Any CPU.ActiveCfg = Release|Any CPU
		{79837708-B1AD-45E6-94CE-9A00F5B98847}.Release|Any CPU.Build.0 = Release|Any CPU
	EndGlobalSection
	GlobalSection(SolutionProperties) = preSolution
		HideSolutionNode = FALSE
	EndGlobalSection
	GlobalSection(ExtensibilityGlobals) = postSolution
		SolutionGuid = {8365F64C-11D2-4328-BA1F-78BCB63B048F}
	EndGlobalSection
EndGlobal
